github.com/graph-gophers/graphql-go v0.0.0-20180806175703-94da0f0031f9 h1:szkPl6mglONCUK9VrQxlzuALNb/JVF5vS/98r+kCDCg=
github.com/graph-gophers/graphql-go v0.0.0-20180806175703-94da0f0031f9/go.mod h1:aRnZGurV3LlZ1Y+ygyx1mAV6OUfq+nu6OgpJ6jKgZ3g=
github.com/neelance/graphql-go v0.0.0-20180806175703-94da0f0031f9 h1:9K45Qucw+mzXxkTwMv6tUIA5roTwncVjLSyl54AzVq4=
github.com/neelance/graphql-go v0.0.0-20180806175703-94da0f0031f9/go.mod h1:tuHX4NFoEM4W4+GpiTW1BDAISY2WWFoRIyK2m/4o3N8=
github.com/opentracing/opentracing-go v1.0.2 h1:3jA2P6O1F9UOrWVpwrIo17pu01KWvNWg4X946/Y5Zwg=
github.com/opentracing/opentracing-go v1.0.2/go.mod h1:UkNAQd3GIcIGf0SeVgPpRdFStlNbqXla1AfSYxPUl2o=
github.com/shurcooL/go v0.0.0-20180423040247-9e1955d9fb6e h1:MZM7FHLqUHYI0Y/mQAt3d2aYa0SiNms/hFqC9qJYolM=
github.com/shurcooL/go v0.0.0-20180423040247-9e1955d9fb6e/go.mod h1:TDJrrUr11Vxrven61rcy3hJMUqaf/CLWYhHNPmT14Lk=
golang.org/x/net v0.0.0-20180824152047-4bcd98cce591 h1:4S2XUgvg3hUNTvxI307qkFPb9zKHG3Nf9TXFzX/DZZI=
golang.org/x/net v0.0.0-20180824152047-4bcd98cce591/go.mod h1:mL1N/T3taQHkDXs73rZJwtUhF3w3ftmwwsq0BUmARs4=
